
Microsoft Visual Studio Solution File, Format Version 12.00
# Visual Studio Version 17
VisualStudioVersion = 17.11.35222.181
MinimumVisualStudioVersion = 10.0.40219.1
Project("{FAE04EC0-301F-11D3-BF4B-00C04F79EFBC}") = "SortingAlgorithm", "SortingAlgorithm.csproj", "{EC6BB29D-A7F5-4751-A2B6-9D8462BDED9B}"
EndProject
Project("{FAE04EC0-301F-11D3-BF4B-00C04F79EFBC}") = "SortingAlgorithmsTests", "..\SortingAlgorithmsTests\SortingAlgorithmsTests.csproj", "{8890AB15-EB84-4BAF-8537-981DEE97EB0E}"
EndProject
Global
	GlobalSection(SolutionConfigurationPlatforms) = preSolution
		Debug|Any CPU = Debug|Any CPU
		Release|Any CPU = Release|Any CPU
	EndGlobalSection
	GlobalSection(ProjectConfigurationPlatforms) = postSolution
		{EC6BB29D-A7F5-4751-A2B6-9D8462BDED9B}.Debug|Any CPU.ActiveCfg = Debug|Any CPU
		{EC6BB29D-A7F5-4751-A2B6-9D8462BDED9B}.Debug|Any CPU.Build.0 = Debug|Any CPU
		{EC6BB29D-A7F5-4751-A2B6-9D8462BDED9B}.Release|Any CPU.ActiveCfg = Release|Any CPU
		{EC6BB29D-A7F5-4751-A2B6-9D8462BDED9B}.Release|Any CPU.Build.0 = Release|Any CPU
		{8890AB15-EB84-4BAF-8537-981DEE97EB0E}.Debug|Any CPU.ActiveCfg = Debug|Any CPU
		{8890AB15-EB84-4BAF-8537-981DEE97EB0E}.Debug|Any CPU.Build.0 = Debug|Any CPU
		{8890AB15-EB84-4BAF-8537-981DEE97EB0E}.Release|Any CPU.ActiveCfg = Release|Any CPU
		{8890AB15-EB84-4BAF-8537-981DEE97EB0E}.Release|Any CPU.Build.0 = Release|Any CPU
	EndGlobalSection
	GlobalSection(SolutionProperties) = preSolution
		HideSolutionNode = FALSE
	EndGlobalSection
	GlobalSection(ExtensibilityGlobals) = postSolution
		SolutionGuid = {47E21102-6BE4-4E46-BBEB-BAFD24114C4A}
	EndGlobalSection
EndGlobal
